
Microsoft Visual Studio Solution File, Format Version 11.00
# Visual Studio 2010
Project("{FAE04EC0-301F-11D3-BF4B-00C04F79EFBC}") = "UnityEngine.TestRunner", "UnityEngine.TestRunner.csproj", "{A10EB595-292E-A96C-0785-EB15E4E58CF4}"
EndProject
Project("{FAE04EC0-301F-11D3-BF4B-00C04F79EFBC}") = "Unity.Timeline", "Unity.Timeline.csproj", "{CF66870C-9947-2E73-459F-9A63BC8B090B}"
EndProject
Project("{FAE04EC0-301F-11D3-BF4B-00C04F79EFBC}") = "UnityEngine.UI", "UnityEngine.UI.csproj", "{25A5487F-9B5F-F7F5-0918-17B730A926C6}"
EndProject
Project("{FAE04EC0-301F-11D3-BF4B-00C04F79EFBC}") = "Unity.TextMeshPro", "Unity.TextMeshPro.csproj", "{D14755A5-5F90-671A-956F-CBE6468510CD}"
EndProject
Project("{FAE04EC0-301F-11D3-BF4B-00C04F79EFBC}") = "UnityEditor.TestRunner", "UnityEditor.TestRunner.csproj", "{A8EC9524-95B6-A61B-1910-E071B2852A2E}"
EndProject
Project("{FAE04EC0-301F-11D3-BF4B-00C04F79EFBC}") = "Unity.PlasticSCM.Editor", "Unity.PlasticSCM.Editor.csproj", "{2EEE8016-1142-1A83-BC39-C795D493982B}"
EndProject
Project("{FAE04EC0-301F-11D3-BF4B-00C04F79EFBC}") = "UnityEditor.UI", "UnityEditor.UI.csproj", "{AE305215-3A9E-949E-DB77-031072FE1B21}"
EndProject
Project("{FAE04EC0-301F-11D3-BF4B-00C04F79EFBC}") = "Unity.Services.Core.Editor", "Unity.Services.Core.Editor.csproj", "{6081276D-1CB4-29FC-0E18-9E1B61A63F22}"
EndProject
Project("{FAE04EC0-301F-11D3-BF4B-00C04F79EFBC}") = "Unity.Timeline.Editor", "Unity.Timeline.Editor.csproj", "{26AEAD4C-445B-3AD5-A22B-52CC5F413C1F}"
EndProject
Project("{FAE04EC0-301F-11D3-BF4B-00C04F79EFBC}") = "Unity.VisualStudio.Editor", "Unity.VisualStudio.Editor.csproj", "{153EB1BD-2A21-F474-0D03-3E8835F59416}"
EndProject
Project("{FAE04EC0-301F-11D3-BF4B-00C04F79EFBC}") = "Unity.TextMeshPro.Editor", "Unity.TextMeshPro.Editor.csproj", "{E744F443-3DD9-0CE0-9A54-867FDDDE2580}"
EndProject
Project("{FAE04EC0-301F-11D3-BF4B-00C04F79EFBC}") = "Unity.CollabProxy.Editor", "Unity.CollabProxy.Editor.csproj", "{1C161790-6631-6F6E-CB12-4AD9FA50AEB3}"
EndProject
Project("{FAE04EC0-301F-11D3-BF4B-00C04F79EFBC}") = "Unity.Rider.Editor", "Unity.Rider.Editor.csproj", "{58CEF7FF-02AE-2681-5254-5A0CE44BFDD1}"
EndProject
Project("{FAE04EC0-301F-11D3-BF4B-00C04F79EFBC}") = "Unity.VSCode.Editor", "Unity.VSCode.Editor.csproj", "{6829E3E4-F3D0-10E4-0EA8-76944C509178}"
EndProject
Global
	GlobalSection(SolutionConfigurationPlatforms) = preSolution
		Debug|Any CPU = Debug|Any CPU
		Release|Any CPU = Release|Any CPU
	EndGlobalSection
	GlobalSection(ProjectConfigurationPlatforms) = postSolution
		{A10EB595-292E-A96C-0785-EB15E4E58CF4}.Debug|Any CPU.ActiveCfg = Debug|Any CPU
		{A10EB595-292E-A96C-0785-EB15E4E58CF4}.Debug|Any CPU.Build.0 = Debug|Any CPU
		{A10EB595-292E-A96C-0785-EB15E4E58CF4}.Release|Any CPU.ActiveCfg = Release|Any CPU
		{A10EB595-292E-A96C-0785-EB15E4E58CF4}.Release|Any CPU.Build.0 = Release|Any CPU
		{CF66870C-9947-2E73-459F-9A63BC8B090B}.Debug|Any CPU.ActiveCfg = Debug|Any CPU
		{CF66870C-9947-2E73-459F-9A63BC8B090B}.Debug|Any CPU.Build.0 = Debug|Any CPU
		{CF66870C-9947-2E73-459F-9A63BC8B090B}.Release|Any CPU.ActiveCfg = Release|Any CPU
		{CF66870C-9947-2E73-459F-9A63BC8B090B}.Release|Any CPU.Build.0 = Release|Any CPU
		{25A5487F-9B5F-F7F5-0918-17B730A926C6}.Debug|Any CPU.ActiveCfg = Debug|Any CPU
		{25A5487F-9B5F-F7F5-0918-17B730A926C6}.Debug|Any CPU.Build.0 = Debug|Any CPU
		{25A5487F-9B5F-F7F5-0918-17B730A926C6}.Release|Any CPU.ActiveCfg = Release|Any CPU
		{25A5487F-9B5F-F7F5-0918-17B730A926C6}.Release|Any CPU.Build.0 = Release|Any CPU
		{D14755A5-5F90-671A-956F-CBE6468510CD}.Debug|Any CPU.ActiveCfg = Debug|Any CPU
		{D14755A5-5F90-671A-956F-CBE6468510CD}.Debug|Any CPU.Build.0 = Debug|Any CPU
		{D14755A5-5F90-671A-956F-CBE6468510CD}.Release|Any CPU.ActiveCfg = Release|Any CPU
		{D14755A5-5F90-671A-956F-CBE6468510CD}.Release|Any CPU.Build.0 = Release|Any CPU
		{A8EC9524-95B6-A61B-1910-E071B2852A2E}.Debug|Any CPU.ActiveCfg = Debug|Any CPU
		{A8EC9524-95B6-A61B-1910-E071B2852A2E}.Debug|Any CPU.Build.0 = Debug|Any CPU
		{A8EC9524-95B6-A61B-1910-E071B2852A2E}.Release|Any CPU.ActiveCfg = Release|Any CPU
		{A8EC9524-95B6-A61B-1910-E071B2852A2E}.Release|Any CPU.Build.0 = Release|Any CPU
		{2EEE8016-1142-1A83-BC39-C795D493982B}.Debug|Any CPU.ActiveCfg = Debug|Any CPU
		{2EEE8016-1142-1A83-BC39-C795D493982B}.Debug|Any CPU.Build.0 = Debug|Any CPU
		{2EEE8016-1142-1A83-BC39-C795D493982B}.Release|Any CPU.ActiveCfg = Release|Any CPU
		{2EEE8016-1142-1A83-BC39-C795D493982B}.Release|Any CPU.Build.0 = Release|Any CPU
		{AE305215-3A9E-949E-DB77-031072FE1B21}.Debug|Any CPU.ActiveCfg = Debug|Any CPU
		{AE305215-3A9E-949E-DB77-031072FE1B21}.Debug|Any CPU.Build.0 = Debug|Any CPU
		{AE305215-3A9E-949E-DB77-031072FE1B21}.Release|Any CPU.ActiveCfg = Release|Any CPU
		{AE305215-3A9E-949E-DB77-031072FE1B21}.Release|Any CPU.Build.0 = Release|Any CPU
		{6081276D-1CB4-29FC-0E18-9E1B61A63F22}.Debug|Any CPU.ActiveCfg = Debug|Any CPU
		{6081276D-1CB4-29FC-0E18-9E1B61A63F22}.Debug|Any CPU.Build.0 = Debug|Any CPU
		{6081276D-1CB4-29FC-0E18-9E1B61A63F22}.Release|Any CPU.ActiveCfg = Release|Any CPU
		{6081276D-1CB4-29FC-0E18-9E1B61A63F22}.Release|Any CPU.Build.0 = Release|Any CPU
		{26AEAD4C-445B-3AD5-A22B-52CC5F413C1F}.Debug|Any CPU.ActiveCfg = Debug|Any CPU
		{26AEAD4C-445B-3AD5-A22B-52CC5F413C1F}.Debug|Any CPU.Build.0 = Debug|Any CPU
		{26AEAD4C-445B-3AD5-A22B-52CC5F413C1F}.Release|Any CPU.ActiveCfg = Release|Any CPU
		{26AEAD4C-445B-3AD5-A22B-52CC5F413C1F}.Release|Any CPU.Build.0 = Release|Any CPU
		{153EB1BD-2A21-F474-0D03-3E8835F59416}.Debug|Any CPU.ActiveCfg = Debug|Any CPU
		{153EB1BD-2A21-F474-0D03-3E8835F59416}.Debug|Any CPU.Build.0 = Debug|Any CPU
		{153EB1BD-2A21-F474-0D03-3E8835F59416}.Release|Any CPU.ActiveCfg = Release|Any CPU
		{153EB1BD-2A21-F474-0D03-3E8835F59416}.Release|Any CPU.Build.0 = Release|Any CPU
		{E744F443-3DD9-0CE0-9A54-867FDDDE2580}.Debug|Any CPU.ActiveCfg = Debug|Any CPU
		{E744F443-3DD9-0CE0-9A54-867FDDDE2580}.Debug|Any CPU.Build.0 = Debug|Any CPU
		{E744F443-3DD9-0CE0-9A54-867FDDDE2580}.Release|Any CPU.ActiveCfg = Release|Any CPU
		{E744F443-3DD9-0CE0-9A54-867FDDDE2580}.Release|Any CPU.Build.0 = Release|Any CPU
		{1C161790-6631-6F6E-CB12-4AD9FA50AEB3}.Debug|Any CPU.ActiveCfg = Debug|Any CPU
		{1C161790-6631-6F6E-CB12-4AD9FA50AEB3}.Debug|Any CPU.Build.0 = Debug|Any CPU
		{1C161790-6631-6F6E-CB12-4AD9FA50AEB3}.Release|Any CPU.ActiveCfg = Release|Any CPU
		{1C161790-6631-6F6E-CB12-4AD9FA50AEB3}.Release|Any CPU.Build.0 = Release|Any CPU
		{58CEF7FF-02AE-2681-5254-5A0CE44BFDD1}.Debug|Any CPU.ActiveCfg = Debug|Any CPU
		{58CEF7FF-02AE-2681-5254-5A0CE44BFDD1}.Debug|Any CPU.Build.0 = Debug|Any CPU
		{58CEF7FF-02AE-2681-5254-5A0CE44BFDD1}.Release|Any CPU.ActiveCfg = Release|Any CPU
		{58CEF7FF-02AE-2681-5254-5A0CE44BFDD1}.Release|Any CPU.Build.0 = Release|Any CPU
		{6829E3E4-F3D0-10E4-0EA8-76944C509178}.Debug|Any CPU.ActiveCfg = Debug|Any CPU
		{6829E3E4-F3D0-10E4-0EA8-76944C509178}.Debug|Any CPU.Build.0 = Debug|Any CPU
		{6829E3E4-F3D0-10E4-0EA8-76944C509178}.Release|Any CPU.ActiveCfg = Release|Any CPU
		{6829E3E4-F3D0-10E4-0EA8-76944C509178}.Release|Any CPU.Build.0 = Release|Any CPU
	EndGlobalSection
	GlobalSection(SolutionProperties) = preSolution
		HideSolutionNode = FALSE
	EndGlobalSection
EndGlobal
